
Microsoft Visual Studio Solution File, Format Version 12.00
# Visual Studio Version 17
VisualStudioVersion = 17.9.34607.119
MinimumVisualStudioVersion = 10.0.40219.1
Project("{FAE04EC0-301F-11D3-BF4B-00C04F79EFBC}") = "gyakorlas", "gyakorlas\gyakorlas.csproj", "{350DAAA3-75EC-4252-9E4C-CC51DFC6CD0E}"
EndProject
Global
	GlobalSection(SolutionConfigurationPlatforms) = preSolution
		Debug|Any CPU = Debug|Any CPU
		Release|Any CPU = Release|Any CPU
	EndGlobalSection
	GlobalSection(ProjectConfigurationPlatforms) = postSolution
		{350DAAA3-75EC-4252-9E4C-CC51DFC6CD0E}.Debug|Any CPU.ActiveCfg = Debug|Any CPU
		{350DAAA3-75EC-4252-9E4C-CC51DFC6CD0E}.Debug|Any CPU.Build.0 = Debug|Any CPU
		{350DAAA3-75EC-4252-9E4C-CC51DFC6CD0E}.Release|Any CPU.ActiveCfg = Release|Any CPU
		{350DAAA3-75EC-4252-9E4C-CC51DFC6CD0E}.Release|Any CPU.Build.0 = Release|Any CPU
	EndGlobalSection
	GlobalSection(SolutionProperties) = preSolution
		HideSolutionNode = FALSE
	EndGlobalSection
	GlobalSection(ExtensibilityGlobals) = postSolution
		SolutionGuid = {2473A4A9-8877-41F1-857D-B10D4FAEC4CB}
	EndGlobalSection
EndGlobal
