
Microsoft Visual Studio Solution File, Format Version 12.00
# Visual Studio Version 17
VisualStudioVersion = 17.6.33815.320
MinimumVisualStudioVersion = 10.0.40219.1
Project("{FAE04EC0-301F-11D3-BF4B-00C04F79EFBC}") = "10_Csillagterkep", "10_Csillagterkep\10_Csillagterkep.csproj", "{F6DEC07F-2410-4E29-B67C-CA0518D37A51}"
EndProject
Global
	GlobalSection(SolutionConfigurationPlatforms) = preSolution
		Debug|Any CPU = Debug|Any CPU
		Release|Any CPU = Release|Any CPU
	EndGlobalSection
	GlobalSection(ProjectConfigurationPlatforms) = postSolution
		{F6DEC07F-2410-4E29-B67C-CA0518D37A51}.Debug|Any CPU.ActiveCfg = Debug|Any CPU
		{F6DEC07F-2410-4E29-B67C-CA0518D37A51}.Debug|Any CPU.Build.0 = Debug|Any CPU
		{F6DEC07F-2410-4E29-B67C-CA0518D37A51}.Release|Any CPU.ActiveCfg = Release|Any CPU
		{F6DEC07F-2410-4E29-B67C-CA0518D37A51}.Release|Any CPU.Build.0 = Release|Any CPU
	EndGlobalSection
	GlobalSection(SolutionProperties) = preSolution
		HideSolutionNode = FALSE
	EndGlobalSection
	GlobalSection(ExtensibilityGlobals) = postSolution
		SolutionGuid = {728119AD-7B36-4E8E-B3E3-4FB65A2CDCFE}
	EndGlobalSection
EndGlobal
